// !$*UTF8*$!
{
	archiveVersion = 1;
	classes = {
	};
	objectVersion = 46;
	objects = {

/* Begin PBXBuildFile section */
		EC4D6E171C8F1EE900CEE909 /* WelcomeViewController.m in Sources */ = {isa = PBXBuildFile; fileRef = EC4D6E161C8F1EE900CEE909 /* WelcomeViewController.m */; };
		EC6B5D741C8DAE6800DB81DD /* main.m in Sources */ = {isa = PBXBuildFile; fileRef = EC6B5D731C8DAE6800DB81DD /* main.m */; };
		EC6B5D771C8DAE6800DB81DD /* AppDelegate.m in Sources */ = {isa = PBXBuildFile; fileRef = EC6B5D761C8DAE6800DB81DD /* AppDelegate.m */; };
		EC6B5D7A1C8DAE6800DB81DD /* ViewController.m in Sources */ = {isa = PBXBuildFile; fileRef = EC6B5D791C8DAE6800DB81DD /* ViewController.m */; };
		EC6B5D7D1C8DAE6800DB81DD /* Main.storyboard in Resources */ = {isa = PBXBuildFile; fileRef = EC6B5D7B1C8DAE6800DB81DD /* Main.storyboard */; };
		EC6B5D821C8DAE6800DB81DD /* Assets.xcassets in Resources */ = {isa = PBXBuildFile; fileRef = EC6B5D811C8DAE6800DB81DD /* Assets.xcassets */; };
		EC6B5D851C8DAE6800DB81DD /* LaunchScreen.storyboard in Resources */ = {isa = PBXBuildFile; fileRef = EC6B5D831C8DAE6800DB81DD /* LaunchScreen.storyboard */; };
		EC6B5D901C8DAE6800DB81DD /* QCMappTests.m in Sources */ = {isa = PBXBuildFile; fileRef = EC6B5D8F1C8DAE6800DB81DD /* QCMappTests.m */; };
		EC6B5D9D1C8DB07C00DB81DD /* Qcm.m in Sources */ = {isa = PBXBuildFile; fileRef = EC6B5D9C1C8DB07C00DB81DD /* Qcm.m */; };
		EC6B5DA01C8DB18900DB81DD /* Question.m in Sources */ = {isa = PBXBuildFile; fileRef = EC6B5D9F1C8DB18900DB81DD /* Question.m */; };
		EC6B5DA31C8DB2AA00DB81DD /* GoodAnswer.m in Sources */ = {isa = PBXBuildFile; fileRef = EC6B5DA21C8DB2AA00DB81DD /* GoodAnswer.m */; };
		EC6B5DA71C8DB33000DB81DD /* DAOQcm.m in Sources */ = {isa = PBXBuildFile; fileRef = EC6B5DA61C8DB33000DB81DD /* DAOQcm.m */; };
		EC6B5DAB1C8DBCCF00DB81DD /* QcmData.xcdatamodeld in Sources */ = {isa = PBXBuildFile; fileRef = EC6B5DA91C8DBCCF00DB81DD /* QcmData.xcdatamodeld */; };
		EC6B5DAE1C8DC17F00DB81DD /* DAOQuestion.m in Sources */ = {isa = PBXBuildFile; fileRef = EC6B5DAD1C8DC17F00DB81DD /* DAOQuestion.m */; };
		EC6B5DB11C8DC4EE00DB81DD /* DAOGoodAnswer.m in Sources */ = {isa = PBXBuildFile; fileRef = EC6B5DB01C8DC4EE00DB81DD /* DAOGoodAnswer.m */; };
		EC6B5DB41C8DCFE200DB81DD /* BadAnswer.m in Sources */ = {isa = PBXBuildFile; fileRef = EC6B5DB31C8DCFE200DB81DD /* BadAnswer.m */; };
		EC6B5DB71C8DD07900DB81DD /* DAOBadAnswer.m in Sources */ = {isa = PBXBuildFile; fileRef = EC6B5DB61C8DD07900DB81DD /* DAOBadAnswer.m */; };
		EC6B5DBA1C8DD33D00DB81DD /* AnswerUser.m in Sources */ = {isa = PBXBuildFile; fileRef = EC6B5DB91C8DD33D00DB81DD /* AnswerUser.m */; };
		EC6B5DBD1C8DD43800DB81DD /* DAOAnswerUser.m in Sources */ = {isa = PBXBuildFile; fileRef = EC6B5DBC1C8DD43800DB81DD /* DAOAnswerUser.m */; };
		EC6B5DC01C8EC05000DB81DD /* File.strings in Resources */ = {isa = PBXBuildFile; fileRef = EC6B5DBF1C8EC05000DB81DD /* File.strings */; };
		EC6B5DD51C8EC49D00DB81DD /* AFHTTPSessionManager.m in Sources */ = {isa = PBXBuildFile; fileRef = EC6B5DC91C8EC49D00DB81DD /* AFHTTPSessionManager.m */; };
		EC6B5DD61C8EC49D00DB81DD /* AFNetworkReachabilityManager.m in Sources */ = {isa = PBXBuildFile; fileRef = EC6B5DCC1C8EC49D00DB81DD /* AFNetworkReachabilityManager.m */; };
		EC6B5DD71C8EC49D00DB81DD /* AFSecurityPolicy.m in Sources */ = {isa = PBXBuildFile; fileRef = EC6B5DCE1C8EC49D00DB81DD /* AFSecurityPolicy.m */; };
		EC6B5DD81C8EC49D00DB81DD /* AFURLRequestSerialization.m in Sources */ = {isa = PBXBuildFile; fileRef = EC6B5DD01C8EC49D00DB81DD /* AFURLRequestSerialization.m */; };
		EC6B5DD91C8EC49D00DB81DD /* AFURLResponseSerialization.m in Sources */ = {isa = PBXBuildFile; fileRef = EC6B5DD21C8EC49D00DB81DD /* AFURLResponseSerialization.m */; };
		EC6B5DDA1C8EC49D00DB81DD /* AFURLSessionManager.m in Sources */ = {isa = PBXBuildFile; fileRef = EC6B5DD41C8EC49D00DB81DD /* AFURLSessionManager.m */; };
		EC6B5DF01C8EC4D400DB81DD /* AFAutoPurgingImageCache.m in Sources */ = {isa = PBXBuildFile; fileRef = EC6B5DDD1C8EC4D400DB81DD /* AFAutoPurgingImageCache.m */; };
		EC6B5DF11C8EC4D400DB81DD /* AFImageDownloader.m in Sources */ = {isa = PBXBuildFile; fileRef = EC6B5DDF1C8EC4D400DB81DD /* AFImageDownloader.m */; };
		EC6B5DF21C8EC4D400DB81DD /* AFNetworkActivityIndicatorManager.m in Sources */ = {isa = PBXBuildFile; fileRef = EC6B5DE11C8EC4D400DB81DD /* AFNetworkActivityIndicatorManager.m */; };
		EC6B5DF31C8EC4D400DB81DD /* UIActivityIndicatorView+AFNetworking.m in Sources */ = {isa = PBXBuildFile; fileRef = EC6B5DE31C8EC4D400DB81DD /* UIActivityIndicatorView+AFNetworking.m */; };
		EC6B5DF41C8EC4D400DB81DD /* UIButton+AFNetworking.m in Sources */ = {isa = PBXBuildFile; fileRef = EC6B5DE51C8EC4D400DB81DD /* UIButton+AFNetworking.m */; };
		EC6B5DF51C8EC4D400DB81DD /* UIImageView+AFNetworking.m in Sources */ = {isa = PBXBuildFile; fileRef = EC6B5DE81C8EC4D400DB81DD /* UIImageView+AFNetworking.m */; };
		EC6B5DF61C8EC4D400DB81DD /* UIProgressView+AFNetworking.m in Sources */ = {isa = PBXBuildFile; fileRef = EC6B5DEB1C8EC4D400DB81DD /* UIProgressView+AFNetworking.m */; };
		EC6B5DF71C8EC4D400DB81DD /* UIRefreshControl+AFNetworking.m in Sources */ = {isa = PBXBuildFile; fileRef = EC6B5DED1C8EC4D400DB81DD /* UIRefreshControl+AFNetworking.m */; };
		EC6B5DF81C8EC4D400DB81DD /* UIWebView+AFNetworking.m in Sources */ = {isa = PBXBuildFile; fileRef = EC6B5DEF1C8EC4D400DB81DD /* UIWebView+AFNetworking.m */; };
		EC6B5DFC1C8EC93600DB81DD /* weatherWebServiceAdapter.m in Sources */ = {isa = PBXBuildFile; fileRef = EC6B5DFB1C8EC93600DB81DD /* weatherWebServiceAdapter.m */; };
		EC6B5DFF1C8ECACC00DB81DD /* Weather.m in Sources */ = {isa = PBXBuildFile; fileRef = EC6B5DFE1C8ECACC00DB81DD /* Weather.m */; };
		EC6B5E021C8F024400DB81DD /* QcmWebServiceAdapter.m in Sources */ = {isa = PBXBuildFile; fileRef = EC6B5E011C8F024400DB81DD /* QcmWebServiceAdapter.m */; };
		ECC7727E1CC62828001D6C23 /* QuestionViewController.m in Sources */ = {isa = PBXBuildFile; fileRef = ECC7727D1CC62828001D6C23 /* QuestionViewController.m */; };
		ECC772841CC68944001D6C23 /* QuestionWebServiceAdapter.m in Sources */ = {isa = PBXBuildFile; fileRef = ECC772831CC68944001D6C23 /* QuestionWebServiceAdapter.m */; };
		ECC772871CC8C6F2001D6C23 /* check.png in Resources */ = {isa = PBXBuildFile; fileRef = ECC772861CC8C6F2001D6C23 /* check.png */; };
		ECC7728A1CC8CC62001D6C23 /* GoodAnswerWebServiceAdapter.m in Sources */ = {isa = PBXBuildFile; fileRef = ECC772891CC8CC62001D6C23 /* GoodAnswerWebServiceAdapter.m */; };
		ECC7728D1CC8F3E2001D6C23 /* BadAnswerWebServiceAdapter.m in Sources */ = {isa = PBXBuildFile; fileRef = ECC7728C1CC8F3E2001D6C23 /* BadAnswerWebServiceAdapter.m */; };
		ECC772911CC96FCD001D6C23 /* Constant.m in Sources */ = {isa = PBXBuildFile; fileRef = ECC772901CC96FCD001D6C23 /* Constant.m */; };
/* End PBXBuildFile section */

/* Begin PBXContainerItemProxy section */
		EC6B5D8C1C8DAE6800DB81DD /* PBXContainerItemProxy */ = {
			isa = PBXContainerItemProxy;
			containerPortal = EC6B5D671C8DAE6800DB81DD /* Project object */;
			proxyType = 1;
			remoteGlobalIDString = EC6B5D6E1C8DAE6800DB81DD;
			remoteInfo = QCMapp;
		};
/* End PBXContainerItemProxy section */

/* Begin PBXFileReference section */
		EC4D6E151C8F1EE900CEE909 /* WelcomeViewController.h */ = {isa = PBXFileReference; fileEncoding = 4; lastKnownFileType = sourcecode.c.h; name = WelcomeViewController.h; path = welcomeController/WelcomeViewController.h; sourceTree = "<group>"; };
		EC4D6E161C8F1EE900CEE909 /* WelcomeViewController.m */ = {isa = PBXFileReference; fileEncoding = 4; lastKnownFileType = sourcecode.c.objc; name = WelcomeViewController.m; path = welcomeController/WelcomeViewController.m; sourceTree = "<group>"; };
		EC6B5D6F1C8DAE6800DB81DD /* QCMapp.app */ = {isa = PBXFileReference; explicitFileType = wrapper.application; includeInIndex = 0; path = QCMapp.app; sourceTree = BUILT_PRODUCTS_DIR; };
		EC6B5D731C8DAE6800DB81DD /* main.m */ = {isa = PBXFileReference; lastKnownFileType = sourcecode.c.objc; path = main.m; sourceTree = "<group>"; };
		EC6B5D751C8DAE6800DB81DD /* AppDelegate.h */ = {isa = PBXFileReference; lastKnownFileType = sourcecode.c.h; path = AppDelegate.h; sourceTree = "<group>"; };
		EC6B5D761C8DAE6800DB81DD /* AppDelegate.m */ = {isa = PBXFileReference; lastKnownFileType = sourcecode.c.objc; path = AppDelegate.m; sourceTree = "<group>"; };
		EC6B5D781C8DAE6800DB81DD /* ViewController.h */ = {isa = PBXFileReference; lastKnownFileType = sourcecode.c.h; path = ViewController.h; sourceTree = "<group>"; };
		EC6B5D791C8DAE6800DB81DD /* ViewController.m */ = {isa = PBXFileReference; lastKnownFileType = sourcecode.c.objc; path = ViewController.m; sourceTree = "<group>"; };
		EC6B5D7C1C8DAE6800DB81DD /* Base */ = {isa = PBXFileReference; lastKnownFileType = file.storyboard; name = Base; path = Base.lproj/Main.storyboard; sourceTree = "<group>"; };
		EC6B5D811C8DAE6800DB81DD /* Assets.xcassets */ = {isa = PBXFileReference; lastKnownFileType = folder.assetcatalog; path = Assets.xcassets; sourceTree = "<group>"; };
		EC6B5D841C8DAE6800DB81DD /* Base */ = {isa = PBXFileReference; lastKnownFileType = file.storyboard; name = Base; path = Base.lproj/LaunchScreen.storyboard; sourceTree = "<group>"; };
		EC6B5D861C8DAE6800DB81DD /* Info.plist */ = {isa = PBXFileReference; lastKnownFileType = text.plist.xml; path = Info.plist; sourceTree = "<group>"; };
		EC6B5D8B1C8DAE6800DB81DD /* QCMappTests.xctest */ = {isa = PBXFileReference; explicitFileType = wrapper.cfbundle; includeInIndex = 0; path = QCMappTests.xctest; sourceTree = BUILT_PRODUCTS_DIR; };
		EC6B5D8F1C8DAE6800DB81DD /* QCMappTests.m */ = {isa = PBXFileReference; lastKnownFileType = sourcecode.c.objc; path = QCMappTests.m; sourceTree = "<group>"; };
		EC6B5D911C8DAE6800DB81DD /* Info.plist */ = {isa = PBXFileReference; lastKnownFileType = text.plist.xml; path = Info.plist; sourceTree = "<group>"; };
		EC6B5D9B1C8DB07C00DB81DD /* Qcm.h */ = {isa = PBXFileReference; fileEncoding = 4; lastKnownFileType = sourcecode.c.h; name = Qcm.h; path = entity/Qcm.h; sourceTree = "<group>"; };
		EC6B5D9C1C8DB07C00DB81DD /* Qcm.m */ = {isa = PBXFileReference; fileEncoding = 4; lastKnownFileType = sourcecode.c.objc; name = Qcm.m; path = entity/Qcm.m; sourceTree = "<group>"; };
		EC6B5D9E1C8DB18900DB81DD /* Question.h */ = {isa = PBXFileReference; fileEncoding = 4; lastKnownFileType = sourcecode.c.h; name = Question.h; path = entity/Question.h; sourceTree = "<group>"; };
		EC6B5D9F1C8DB18900DB81DD /* Question.m */ = {isa = PBXFileReference; fileEncoding = 4; lastKnownFileType = sourcecode.c.objc; name = Question.m; path = entity/Question.m; sourceTree = "<group>"; };
		EC6B5DA11C8DB2AA00DB81DD /* GoodAnswer.h */ = {isa = PBXFileReference; fileEncoding = 4; lastKnownFileType = sourcecode.c.h; name = GoodAnswer.h; path = entity/GoodAnswer.h; sourceTree = "<group>"; };
		EC6B5DA21C8DB2AA00DB81DD /* GoodAnswer.m */ = {isa = PBXFileReference; fileEncoding = 4; lastKnownFileType = sourcecode.c.objc; name = GoodAnswer.m; path = entity/GoodAnswer.m; sourceTree = "<group>"; };
		EC6B5DA51C8DB33000DB81DD /* DAOQcm.h */ = {isa = PBXFileReference; fileEncoding = 4; lastKnownFileType = sourcecode.c.h; name = DAOQcm.h; path = crud/DAOQcm.h; sourceTree = "<group>"; };
		EC6B5DA61C8DB33000DB81DD /* DAOQcm.m */ = {isa = PBXFileReference; fileEncoding = 4; lastKnownFileType = sourcecode.c.objc; name = DAOQcm.m; path = crud/DAOQcm.m; sourceTree = "<group>"; };
		EC6B5DAA1C8DBCCF00DB81DD /* QcmData.xcdatamodel */ = {isa = PBXFileReference; lastKnownFileType = wrapper.xcdatamodel; path = QcmData.xcdatamodel; sourceTree = "<group>"; };
		EC6B5DAC1C8DC17F00DB81DD /* DAOQuestion.h */ = {isa = PBXFileReference; fileEncoding = 4; lastKnownFileType = sourcecode.c.h; name = DAOQuestion.h; path = crud/DAOQuestion.h; sourceTree = "<group>"; };
		EC6B5DAD1C8DC17F00DB81DD /* DAOQuestion.m */ = {isa = PBXFileReference; fileEncoding = 4; lastKnownFileType = sourcecode.c.objc; name = DAOQuestion.m; path = crud/DAOQuestion.m; sourceTree = "<group>"; };
		EC6B5DAF1C8DC4EE00DB81DD /* DAOGoodAnswer.h */ = {isa = PBXFileReference; fileEncoding = 4; lastKnownFileType = sourcecode.c.h; name = DAOGoodAnswer.h; path = crud/DAOGoodAnswer.h; sourceTree = "<group>"; };
		EC6B5DB01C8DC4EE00DB81DD /* DAOGoodAnswer.m */ = {isa = PBXFileReference; fileEncoding = 4; lastKnownFileType = sourcecode.c.objc; name = DAOGoodAnswer.m; path = crud/DAOGoodAnswer.m; sourceTree = "<group>"; };
		EC6B5DB21C8DCFE200DB81DD /* BadAnswer.h */ = {isa = PBXFileReference; fileEncoding = 4; lastKnownFileType = sourcecode.c.h; path = BadAnswer.h; sourceTree = "<group>"; };
		EC6B5DB31C8DCFE200DB81DD /* BadAnswer.m */ = {isa = PBXFileReference; fileEncoding = 4; lastKnownFileType = sourcecode.c.objc; path = BadAnswer.m; sourceTree = "<group>"; };
		EC6B5DB51C8DD07900DB81DD /* DAOBadAnswer.h */ = {isa = PBXFileReference; fileEncoding = 4; lastKnownFileType = sourcecode.c.h; path = DAOBadAnswer.h; sourceTree = "<group>"; };
		EC6B5DB61C8DD07900DB81DD /* DAOBadAnswer.m */ = {isa = PBXFileReference; fileEncoding = 4; lastKnownFileType = sourcecode.c.objc; path = DAOBadAnswer.m; sourceTree = "<group>"; };
		EC6B5DB81C8DD33D00DB81DD /* AnswerUser.h */ = {isa = PBXFileReference; fileEncoding = 4; lastKnownFileType = sourcecode.c.h; path = AnswerUser.h; sourceTree = "<group>"; };
		EC6B5DB91C8DD33D00DB81DD /* AnswerUser.m */ = {isa = PBXFileReference; fileEncoding = 4; lastKnownFileType = sourcecode.c.objc; path = AnswerUser.m; sourceTree = "<group>"; };
		EC6B5DBB1C8DD43800DB81DD /* DAOAnswerUser.h */ = {isa = PBXFileReference; fileEncoding = 4; lastKnownFileType = sourcecode.c.h; path = DAOAnswerUser.h; sourceTree = "<group>"; };
		EC6B5DBC1C8DD43800DB81DD /* DAOAnswerUser.m */ = {isa = PBXFileReference; fileEncoding = 4; lastKnownFileType = sourcecode.c.objc; path = DAOAnswerUser.m; sourceTree = "<group>"; };
		EC6B5DBF1C8EC05000DB81DD /* File.strings */ = {isa = PBXFileReference; fileEncoding = 4; lastKnownFileType = text.plist.strings; path = File.strings; sourceTree = "<group>"; };
		EC6B5DC81C8EC49D00DB81DD /* AFHTTPSessionManager.h */ = {isa = PBXFileReference; fileEncoding = 4; lastKnownFileType = sourcecode.c.h; name = AFHTTPSessionManager.h; path = "../../../Downloads/AFNetworking-master/AFNetworking/AFHTTPSessionManager.h"; sourceTree = "<group>"; };
		EC6B5DC91C8EC49D00DB81DD /* AFHTTPSessionManager.m */ = {isa = PBXFileReference; fileEncoding = 4; lastKnownFileType = sourcecode.c.objc; name = AFHTTPSessionManager.m; path = "../../../Downloads/AFNetworking-master/AFNetworking/AFHTTPSessionManager.m"; sourceTree = "<group>"; };
		EC6B5DCA1C8EC49D00DB81DD /* AFNetworking.h */ = {isa = PBXFileReference; fileEncoding = 4; lastKnownFileType = sourcecode.c.h; name = AFNetworking.h; path = "../../../Downloads/AFNetworking-master/AFNetworking/AFNetworking.h"; sourceTree = "<group>"; };
		EC6B5DCB1C8EC49D00DB81DD /* AFNetworkReachabilityManager.h */ = {isa = PBXFileReference; fileEncoding = 4; lastKnownFileType = sourcecode.c.h; name = AFNetworkReachabilityManager.h; path = "../../../Downloads/AFNetworking-master/AFNetworking/AFNetworkReachabilityManager.h"; sourceTree = "<group>"; };
		EC6B5DCC1C8EC49D00DB81DD /* AFNetworkReachabilityManager.m */ = {isa = PBXFileReference; fileEncoding = 4; lastKnownFileType = sourcecode.c.objc; name = AFNetworkReachabilityManager.m; path = "../../../Downloads/AFNetworking-master/AFNetworking/AFNetworkReachabilityManager.m"; sourceTree = "<group>"; };
		EC6B5DCD1C8EC49D00DB81DD /* AFSecurityPolicy.h */ = {isa = PBXFileReference; fileEncoding = 4; lastKnownFileType = sourcecode.c.h; name = AFSecurityPolicy.h; path = "../../../Downloads/AFNetworking-master/AFNetworking/AFSecurityPolicy.h"; sourceTree = "<group>"; };
		EC6B5DCE1C8EC49D00DB81DD /* AFSecurityPolicy.m */ = {isa = PBXFileReference; fileEncoding = 4; lastKnownFileType = sourcecode.c.objc; name = AFSecurityPolicy.m; path = "../../../Downloads/AFNetworking-master/AFNetworking/AFSecurityPolicy.m"; sourceTree = "<group>"; };
		EC6B5DCF1C8EC49D00DB81DD /* AFURLRequestSerialization.h */ = {isa = PBXFileReference; fileEncoding = 4; lastKnownFileType = sourcecode.c.h; name = AFURLRequestSerialization.h; path = "../../../Downloads/AFNetworking-master/AFNetworking/AFURLRequestSerialization.h"; sourceTree = "<group>"; };
		EC6B5DD01C8EC49D00DB81DD /* AFURLRequestSerialization.m */ = {isa = PBXFileReference; fileEncoding = 4; lastKnownFileType = sourcecode.c.objc; name = AFURLRequestSerialization.m; path = "../../../Downloads/AFNetworking-master/AFNetworking/AFURLRequestSerialization.m"; sourceTree = "<group>"; };
		EC6B5DD11C8EC49D00DB81DD /* AFURLResponseSerialization.h */ = {isa = PBXFileReference; fileEncoding = 4; lastKnownFileType = sourcecode.c.h; name = AFURLResponseSerialization.h; path = "../../../Downloads/AFNetworking-master/AFNetworking/AFURLResponseSerialization.h"; sourceTree = "<group>"; };
		EC6B5DD21C8EC49D00DB81DD /* AFURLResponseSerialization.m */ = {isa = PBXFileReference; fileEncoding = 4; lastKnownFileType = sourcecode.c.objc; name = AFURLResponseSerialization.m; path = "../../../Downloads/AFNetworking-master/AFNetworking/AFURLResponseSerialization.m"; sourceTree = "<group>"; };
		EC6B5DD31C8EC49D00DB81DD /* AFURLSessionManager.h */ = {isa = PBXFileReference; fileEncoding = 4; lastKnownFileType = sourcecode.c.h; name = AFURLSessionManager.h; path = "../../../Downloads/AFNetworking-master/AFNetworking/AFURLSessionManager.h"; sourceTree = "<group>"; };
		EC6B5DD41C8EC49D00DB81DD /* AFURLSessionManager.m */ = {isa = PBXFileReference; fileEncoding = 4; lastKnownFileType = sourcecode.c.objc; name = AFURLSessionManager.m; path = "../../../Downloads/AFNetworking-master/AFNetworking/AFURLSessionManager.m"; sourceTree = "<group>"; };
		EC6B5DDC1C8EC4D400DB81DD /* AFAutoPurgingImageCache.h */ = {isa = PBXFileReference; fileEncoding = 4; lastKnownFileType = sourcecode.c.h; name = AFAutoPurgingImageCache.h; path = "../../../Downloads/AFNetworking-master/UIKit+AFNetworking/AFAutoPurgingImageCache.h"; sourceTree = "<group>"; };
		EC6B5DDD1C8EC4D400DB81DD /* AFAutoPurgingImageCache.m */ = {isa = PBXFileReference; fileEncoding = 4; lastKnownFileType = sourcecode.c.objc; name = AFAutoPurgingImageCache.m; path = "../../../Downloads/AFNetworking-master/UIKit+AFNetworking/AFAutoPurgingImageCache.m"; sourceTree = "<group>"; };
		EC6B5DDE1C8EC4D400DB81DD /* AFImageDownloader.h */ = {isa = PBXFileReference; fileEncoding = 4; lastKnownFileType = sourcecode.c.h; name = AFImageDownloader.h; path = "../../../Downloads/AFNetworking-master/UIKit+AFNetworking/AFImageDownloader.h"; sourceTree = "<group>"; };
		EC6B5DDF1C8EC4D400DB81DD /* AFImageDownloader.m */ = {isa = PBXFileReference; fileEncoding = 4; lastKnownFileType = sourcecode.c.objc; name = AFImageDownloader.m; path = "../../../Downloads/AFNetworking-master/UIKit+AFNetworking/AFImageDownloader.m"; sourceTree = "<group>"; };
		EC6B5DE01C8EC4D400DB81DD /* AFNetworkActivityIndicatorManager.h */ = {isa = PBXFileReference; fileEncoding = 4; lastKnownFileType = sourcecode.c.h; name = AFNetworkActivityIndicatorManager.h; path = "../../../Downloads/AFNetworking-master/UIKit+AFNetworking/AFNetworkActivityIndicatorManager.h"; sourceTree = "<group>"; };
		EC6B5DE11C8EC4D400DB81DD /* AFNetworkActivityIndicatorManager.m */ = {isa = PBXFileReference; fileEncoding = 4; lastKnownFileType = sourcecode.c.objc; name = AFNetworkActivityIndicatorManager.m; path = "../../../Downloads/AFNetworking-master/UIKit+AFNetworking/AFNetworkActivityIndicatorManager.m"; sourceTree = "<group>"; };
		EC6B5DE21C8EC4D400DB81DD /* UIActivityIndicatorView+AFNetworking.h */ = {isa = PBXFileReference; fileEncoding = 4; lastKnownFileType = sourcecode.c.h; name = "UIActivityIndicatorView+AFNetworking.h"; path = "../../../Downloads/AFNetworking-master/UIKit+AFNetworking/UIActivityIndicatorView+AFNetworking.h"; sourceTree = "<group>"; };
		EC6B5DE31C8EC4D400DB81DD /* UIActivityIndicatorView+AFNetworking.m */ = {isa = PBXFileReference; fileEncoding = 4; lastKnownFileType = sourcecode.c.objc; name = "UIActivityIndicatorView+AFNetworking.m"; path = "../../../Downloads/AFNetworking-master/UIKit+AFNetworking/UIActivityIndicatorView+AFNetworking.m"; sourceTree = "<group>"; };
		EC6B5DE41C8EC4D400DB81DD /* UIButton+AFNetworking.h */ = {isa = PBXFileReference; fileEncoding = 4; lastKnownFileType = sourcecode.c.h; name = "UIButton+AFNetworking.h"; path = "../../../Downloads/AFNetworking-master/UIKit+AFNetworking/UIButton+AFNetworking.h"; sourceTree = "<group>"; };
		EC6B5DE51C8EC4D400DB81DD /* UIButton+AFNetworking.m */ = {isa = PBXFileReference; fileEncoding = 4; lastKnownFileType = sourcecode.c.objc; name = "UIButton+AFNetworking.m"; path = "../../../Downloads/AFNetworking-master/UIKit+AFNetworking/UIButton+AFNetworking.m"; sourceTree = "<group>"; };
		EC6B5DE61C8EC4D400DB81DD /* UIImage+AFNetworking.h */ = {isa = PBXFileReference; fileEncoding = 4; lastKnownFileType = sourcecode.c.h; name = "UIImage+AFNetworking.h"; path = "../../../Downloads/AFNetworking-master/UIKit+AFNetworking/UIImage+AFNetworking.h"; sourceTree = "<group>"; };
		EC6B5DE71C8EC4D400DB81DD /* UIImageView+AFNetworking.h */ = {isa = PBXFileReference; fileEncoding = 4; lastKnownFileType = sourcecode.c.h; name = "UIImageView+AFNetworking.h"; path = "../../../Downloads/AFNetworking-master/UIKit+AFNetworking/UIImageView+AFNetworking.h"; sourceTree = "<group>"; };
		EC6B5DE81C8EC4D400DB81DD /* UIImageView+AFNetworking.m */ = {isa = PBXFileReference; fileEncoding = 4; lastKnownFileType = sourcecode.c.objc; name = "UIImageView+AFNetworking.m"; path = "../../../Downloads/AFNetworking-master/UIKit+AFNetworking/UIImageView+AFNetworking.m"; sourceTree = "<group>"; };
		EC6B5DE91C8EC4D400DB81DD /* UIKit+AFNetworking.h */ = {isa = PBXFileReference; fileEncoding = 4; lastKnownFileType = sourcecode.c.h; name = "UIKit+AFNetworking.h"; path = "../../../Downloads/AFNetworking-master/UIKit+AFNetworking/UIKit+AFNetworking.h"; sourceTree = "<group>"; };
		EC6B5DEA1C8EC4D400DB81DD /* UIProgressView+AFNetworking.h */ = {isa = PBXFileReference; fileEncoding = 4; lastKnownFileType = sourcecode.c.h; name = "UIProgressView+AFNetworking.h"; path = "../../../Downloads/AFNetworking-master/UIKit+AFNetworking/UIProgressView+AFNetworking.h"; sourceTree = "<group>"; };
		EC6B5DEB1C8EC4D400DB81DD /* UIProgressView+AFNetworking.m */ = {isa = PBXFileReference; fileEncoding = 4; lastKnownFileType = sourcecode.c.objc; name = "UIProgressView+AFNetworking.m"; path = "../../../Downloads/AFNetworking-master/UIKit+AFNetworking/UIProgressView+AFNetworking.m"; sourceTree = "<group>"; };
		EC6B5DEC1C8EC4D400DB81DD /* UIRefreshControl+AFNetworking.h */ = {isa = PBXFileReference; fileEncoding = 4; lastKnownFileType = sourcecode.c.h; name = "UIRefreshControl+AFNetworking.h"; path = "../../../Downloads/AFNetworking-master/UIKit+AFNetworking/UIRefreshControl+AFNetworking.h"; sourceTree = "<group>"; };
		EC6B5DED1C8EC4D400DB81DD /* UIRefreshControl+AFNetworking.m */ = {isa = PBXFileReference; fileEncoding = 4; lastKnownFileType = sourcecode.c.objc; name = "UIRefreshControl+AFNetworking.m"; path = "../../../Downloads/AFNetworking-master/UIKit+AFNetworking/UIRefreshControl+AFNetworking.m"; sourceTree = "<group>"; };
		EC6B5DEE1C8EC4D400DB81DD /* UIWebView+AFNetworking.h */ = {isa = PBXFileReference; fileEncoding = 4; lastKnownFileType = sourcecode.c.h; name = "UIWebView+AFNetworking.h"; path = "../../../Downloads/AFNetworking-master/UIKit+AFNetworking/UIWebView+AFNetworking.h"; sourceTree = "<group>"; };
		EC6B5DEF1C8EC4D400DB81DD /* UIWebView+AFNetworking.m */ = {isa = PBXFileReference; fileEncoding = 4; lastKnownFileType = sourcecode.c.objc; name = "UIWebView+AFNetworking.m"; path = "../../../Downloads/AFNetworking-master/UIKit+AFNetworking/UIWebView+AFNetworking.m"; sourceTree = "<group>"; };
		EC6B5DFA1C8EC93600DB81DD /* weatherWebServiceAdapter.h */ = {isa = PBXFileReference; fileEncoding = 4; lastKnownFileType = sourcecode.c.h; name = weatherWebServiceAdapter.h; path = webservice/weatherWebServiceAdapter.h; sourceTree = "<group>"; };
		EC6B5DFB1C8EC93600DB81DD /* weatherWebServiceAdapter.m */ = {isa = PBXFileReference; fileEncoding = 4; lastKnownFileType = sourcecode.c.objc; name = weatherWebServiceAdapter.m; path = webservice/weatherWebServiceAdapter.m; sourceTree = "<group>"; };
		EC6B5DFD1C8ECACC00DB81DD /* Weather.h */ = {isa = PBXFileReference; fileEncoding = 4; lastKnownFileType = sourcecode.c.h; path = Weather.h; sourceTree = "<group>"; };
		EC6B5DFE1C8ECACC00DB81DD /* Weather.m */ = {isa = PBXFileReference; fileEncoding = 4; lastKnownFileType = sourcecode.c.objc; path = Weather.m; sourceTree = "<group>"; };
		EC6B5E001C8F024400DB81DD /* QcmWebServiceAdapter.h */ = {isa = PBXFileReference; fileEncoding = 4; lastKnownFileType = sourcecode.c.h; path = QcmWebServiceAdapter.h; sourceTree = "<group>"; };
		EC6B5E011C8F024400DB81DD /* QcmWebServiceAdapter.m */ = {isa = PBXFileReference; fileEncoding = 4; lastKnownFileType = sourcecode.c.objc; path = QcmWebServiceAdapter.m; sourceTree = "<group>"; };
		ECC7727C1CC62828001D6C23 /* QuestionViewController.h */ = {isa = PBXFileReference; fileEncoding = 4; lastKnownFileType = sourcecode.c.h; path = QuestionViewController.h; sourceTree = "<group>"; };
		ECC7727D1CC62828001D6C23 /* QuestionViewController.m */ = {isa = PBXFileReference; fileEncoding = 4; lastKnownFileType = sourcecode.c.objc; path = QuestionViewController.m; sourceTree = "<group>"; };
		ECC772821CC68944001D6C23 /* QuestionWebServiceAdapter.h */ = {isa = PBXFileReference; fileEncoding = 4; lastKnownFileType = sourcecode.c.h; path = QuestionWebServiceAdapter.h; sourceTree = "<group>"; };
		ECC772831CC68944001D6C23 /* QuestionWebServiceAdapter.m */ = {isa = PBXFileReference; fileEncoding = 4; lastKnownFileType = sourcecode.c.objc; path = QuestionWebServiceAdapter.m; sourceTree = "<group>"; };
		ECC772861CC8C6F2001D6C23 /* check.png */ = {isa = PBXFileReference; lastKnownFileType = image.png; path = check.png; sourceTree = "<group>"; };
		ECC772881CC8CC62001D6C23 /* GoodAnswerWebServiceAdapter.h */ = {isa = PBXFileReference; fileEncoding = 4; lastKnownFileType = sourcecode.c.h; path = GoodAnswerWebServiceAdapter.h; sourceTree = "<group>"; };
		ECC772891CC8CC62001D6C23 /* GoodAnswerWebServiceAdapter.m */ = {isa = PBXFileReference; fileEncoding = 4; lastKnownFileType = sourcecode.c.objc; path = GoodAnswerWebServiceAdapter.m; sourceTree = "<group>"; };
		ECC7728B1CC8F3E2001D6C23 /* BadAnswerWebServiceAdapter.h */ = {isa = PBXFileReference; fileEncoding = 4; lastKnownFileType = sourcecode.c.h; path = BadAnswerWebServiceAdapter.h; sourceTree = "<group>"; };
		ECC7728C1CC8F3E2001D6C23 /* BadAnswerWebServiceAdapter.m */ = {isa = PBXFileReference; fileEncoding = 4; lastKnownFileType = sourcecode.c.objc; path = BadAnswerWebServiceAdapter.m; sourceTree = "<group>"; };
		ECC7728F1CC96FCD001D6C23 /* Constant.h */ = {isa = PBXFileReference; fileEncoding = 4; lastKnownFileType = sourcecode.c.h; path = Constant.h; sourceTree = "<group>"; };
		ECC772901CC96FCD001D6C23 /* Constant.m */ = {isa = PBXFileReference; fileEncoding = 4; lastKnownFileType = sourcecode.c.objc; path = Constant.m; sourceTree = "<group>"; };
/* End PBXFileReference section */

/* Begin PBXFrameworksBuildPhase section */
		EC6B5D6C1C8DAE6800DB81DD /* Frameworks */ = {
			isa = PBXFrameworksBuildPhase;
			buildActionMask = 2147483647;
			files = (
			);
			runOnlyForDeploymentPostprocessing = 0;
		};
		EC6B5D881C8DAE6800DB81DD /* Frameworks */ = {
			isa = PBXFrameworksBuildPhase;
			buildActionMask = 2147483647;
			files = (
			);
			runOnlyForDeploymentPostprocessing = 0;
		};
/* End PBXFrameworksBuildPhase section */

/* Begin PBXGroup section */
		EC4D6E141C8F1EAE00CEE909 /* welcomeController */ = {
			isa = PBXGroup;
			children = (
				EC4D6E151C8F1EE900CEE909 /* WelcomeViewController.h */,
				EC4D6E161C8F1EE900CEE909 /* WelcomeViewController.m */,
			);
			name = welcomeController;
			sourceTree = "<group>";
		};
		EC6B5D661C8DAE6800DB81DD = {
			isa = PBXGroup;
			children = (
				EC6B5D711C8DAE6800DB81DD /* QCMapp */,
				EC6B5D8E1C8DAE6800DB81DD /* QCMappTests */,
				EC6B5D701C8DAE6800DB81DD /* Products */,
			);
			sourceTree = "<group>";
		};
		EC6B5D701C8DAE6800DB81DD /* Products */ = {
			isa = PBXGroup;
			children = (
				EC6B5D6F1C8DAE6800DB81DD /* QCMapp.app */,
				EC6B5D8B1C8DAE6800DB81DD /* QCMappTests.xctest */,
			);
			name = Products;
			sourceTree = "<group>";
		};
		EC6B5D711C8DAE6800DB81DD /* QCMapp */ = {
			isa = PBXGroup;
			children = (
				ECC7728E1CC96FA4001D6C23 /* const */,
				ECC772851CC8C637001D6C23 /* picture */,
				ECC7727B1CC62755001D6C23 /* questionController */,
				EC4D6E141C8F1EAE00CEE909 /* welcomeController */,
				EC6B5DF91C8EC8DD00DB81DD /* webservice */,
				EC6B5DC21C8EC2D700DB81DD /* libs */,
				EC6B5DBE1C8EC03300DB81DD /* info */,
				EC6B5D9A1C8DAF9600DB81DD /* entity */,
				EC6B5DA81C8DBC9C00DB81DD /* data */,
				EC6B5DA41C8DB2FF00DB81DD /* crud */,
				EC6B5D751C8DAE6800DB81DD /* AppDelegate.h */,
				EC6B5D761C8DAE6800DB81DD /* AppDelegate.m */,
				EC6B5D781C8DAE6800DB81DD /* ViewController.h */,
				EC6B5D791C8DAE6800DB81DD /* ViewController.m */,
				EC6B5D7B1C8DAE6800DB81DD /* Main.storyboard */,
				EC6B5D811C8DAE6800DB81DD /* Assets.xcassets */,
				EC6B5D831C8DAE6800DB81DD /* LaunchScreen.storyboard */,
				EC6B5D861C8DAE6800DB81DD /* Info.plist */,
				EC6B5D721C8DAE6800DB81DD /* Supporting Files */,
			);
			path = QCMapp;
			sourceTree = "<group>";
		};
		EC6B5D721C8DAE6800DB81DD /* Supporting Files */ = {
			isa = PBXGroup;
			children = (
				EC6B5D731C8DAE6800DB81DD /* main.m */,
			);
			name = "Supporting Files";
			sourceTree = "<group>";
		};
		EC6B5D8E1C8DAE6800DB81DD /* QCMappTests */ = {
			isa = PBXGroup;
			children = (
				EC6B5D8F1C8DAE6800DB81DD /* QCMappTests.m */,
				EC6B5D911C8DAE6800DB81DD /* Info.plist */,
			);
			path = QCMappTests;
			sourceTree = "<group>";
		};
		EC6B5D9A1C8DAF9600DB81DD /* entity */ = {
			isa = PBXGroup;
			children = (
				EC6B5D9B1C8DB07C00DB81DD /* Qcm.h */,
				EC6B5D9C1C8DB07C00DB81DD /* Qcm.m */,
				EC6B5D9E1C8DB18900DB81DD /* Question.h */,
				EC6B5D9F1C8DB18900DB81DD /* Question.m */,
				EC6B5DA11C8DB2AA00DB81DD /* GoodAnswer.h */,
				EC6B5DA21C8DB2AA00DB81DD /* GoodAnswer.m */,
				EC6B5DB21C8DCFE200DB81DD /* BadAnswer.h */,
				EC6B5DB31C8DCFE200DB81DD /* BadAnswer.m */,
				EC6B5DB81C8DD33D00DB81DD /* AnswerUser.h */,
				EC6B5DB91C8DD33D00DB81DD /* AnswerUser.m */,
				EC6B5DFD1C8ECACC00DB81DD /* Weather.h */,
				EC6B5DFE1C8ECACC00DB81DD /* Weather.m */,
			);
			name = entity;
			sourceTree = "<group>";
		};
		EC6B5DA41C8DB2FF00DB81DD /* crud */ = {
			isa = PBXGroup;
			children = (
				EC6B5DA51C8DB33000DB81DD /* DAOQcm.h */,
				EC6B5DA61C8DB33000DB81DD /* DAOQcm.m */,
				EC6B5DAC1C8DC17F00DB81DD /* DAOQuestion.h */,
				EC6B5DAD1C8DC17F00DB81DD /* DAOQuestion.m */,
				EC6B5DAF1C8DC4EE00DB81DD /* DAOGoodAnswer.h */,
				EC6B5DB01C8DC4EE00DB81DD /* DAOGoodAnswer.m */,
				EC6B5DB51C8DD07900DB81DD /* DAOBadAnswer.h */,
				EC6B5DB61C8DD07900DB81DD /* DAOBadAnswer.m */,
				EC6B5DBB1C8DD43800DB81DD /* DAOAnswerUser.h */,
				EC6B5DBC1C8DD43800DB81DD /* DAOAnswerUser.m */,
			);
			name = crud;
			sourceTree = "<group>";
		};
		EC6B5DA81C8DBC9C00DB81DD /* data */ = {
			isa = PBXGroup;
			children = (
				EC6B5DA91C8DBCCF00DB81DD /* QcmData.xcdatamodeld */,
			);
			name = data;
			path = ..;
			sourceTree = "<group>";
		};
		EC6B5DBE1C8EC03300DB81DD /* info */ = {
			isa = PBXGroup;
			children = (
				EC6B5DBF1C8EC05000DB81DD /* File.strings */,
			);
			name = info;
			sourceTree = "<group>";
		};
		EC6B5DC21C8EC2D700DB81DD /* libs */ = {
			isa = PBXGroup;
			children = (
				EC6B5DDB1C8EC4A500DB81DD /* UIKit+AFNetworking */,
				EC6B5DC71C8EC47D00DB81DD /* AFNetworking */,
			);
			name = libs;
			sourceTree = "<group>";
		};
		EC6B5DC71C8EC47D00DB81DD /* AFNetworking */ = {
			isa = PBXGroup;
			children = (
				EC6B5DC81C8EC49D00DB81DD /* AFHTTPSessionManager.h */,
				EC6B5DC91C8EC49D00DB81DD /* AFHTTPSessionManager.m */,
				EC6B5DCA1C8EC49D00DB81DD /* AFNetworking.h */,
				EC6B5DCB1C8EC49D00DB81DD /* AFNetworkReachabilityManager.h */,
				EC6B5DCC1C8EC49D00DB81DD /* AFNetworkReachabilityManager.m */,
				EC6B5DCD1C8EC49D00DB81DD /* AFSecurityPolicy.h */,
				EC6B5DCE1C8EC49D00DB81DD /* AFSecurityPolicy.m */,
				EC6B5DCF1C8EC49D00DB81DD /* AFURLRequestSerialization.h */,
				EC6B5DD01C8EC49D00DB81DD /* AFURLRequestSerialization.m */,
				EC6B5DD11C8EC49D00DB81DD /* AFURLResponseSerialization.h */,
				EC6B5DD21C8EC49D00DB81DD /* AFURLResponseSerialization.m */,
				EC6B5DD31C8EC49D00DB81DD /* AFURLSessionManager.h */,
				EC6B5DD41C8EC49D00DB81DD /* AFURLSessionManager.m */,
			);
			name = AFNetworking;
			sourceTree = "<group>";
		};
		EC6B5DDB1C8EC4A500DB81DD /* UIKit+AFNetworking */ = {
			isa = PBXGroup;
			children = (
				EC6B5DDC1C8EC4D400DB81DD /* AFAutoPurgingImageCache.h */,
				EC6B5DDD1C8EC4D400DB81DD /* AFAutoPurgingImageCache.m */,
				EC6B5DDE1C8EC4D400DB81DD /* AFImageDownloader.h */,
				EC6B5DDF1C8EC4D400DB81DD /* AFImageDownloader.m */,
				EC6B5DE01C8EC4D400DB81DD /* AFNetworkActivityIndicatorManager.h */,
				EC6B5DE11C8EC4D400DB81DD /* AFNetworkActivityIndicatorManager.m */,
				EC6B5DE21C8EC4D400DB81DD /* UIActivityIndicatorView+AFNetworking.h */,
				EC6B5DE31C8EC4D400DB81DD /* UIActivityIndicatorView+AFNetworking.m */,
				EC6B5DE41C8EC4D400DB81DD /* UIButton+AFNetworking.h */,
				EC6B5DE51C8EC4D400DB81DD /* UIButton+AFNetworking.m */,
				EC6B5DE61C8EC4D400DB81DD /* UIImage+AFNetworking.h */,
				EC6B5DE71C8EC4D400DB81DD /* UIImageView+AFNetworking.h */,
				EC6B5DE81C8EC4D400DB81DD /* UIImageView+AFNetworking.m */,
				EC6B5DE91C8EC4D400DB81DD /* UIKit+AFNetworking.h */,
				EC6B5DEA1C8EC4D400DB81DD /* UIProgressView+AFNetworking.h */,
				EC6B5DEB1C8EC4D400DB81DD /* UIProgressView+AFNetworking.m */,
				EC6B5DEC1C8EC4D400DB81DD /* UIRefreshControl+AFNetworking.h */,
				EC6B5DED1C8EC4D400DB81DD /* UIRefreshControl+AFNetworking.m */,
				EC6B5DEE1C8EC4D400DB81DD /* UIWebView+AFNetworking.h */,
				EC6B5DEF1C8EC4D400DB81DD /* UIWebView+AFNetworking.m */,
			);
			name = "UIKit+AFNetworking";
			sourceTree = "<group>";
		};
		EC6B5DF91C8EC8DD00DB81DD /* webservice */ = {
			isa = PBXGroup;
			children = (
				EC6B5DFA1C8EC93600DB81DD /* weatherWebServiceAdapter.h */,
				EC6B5DFB1C8EC93600DB81DD /* weatherWebServiceAdapter.m */,
				EC6B5E001C8F024400DB81DD /* QcmWebServiceAdapter.h */,
				EC6B5E011C8F024400DB81DD /* QcmWebServiceAdapter.m */,
				ECC772821CC68944001D6C23 /* QuestionWebServiceAdapter.h */,
				ECC772831CC68944001D6C23 /* QuestionWebServiceAdapter.m */,
				ECC772881CC8CC62001D6C23 /* GoodAnswerWebServiceAdapter.h */,
				ECC772891CC8CC62001D6C23 /* GoodAnswerWebServiceAdapter.m */,
				ECC7728B1CC8F3E2001D6C23 /* BadAnswerWebServiceAdapter.h */,
				ECC7728C1CC8F3E2001D6C23 /* BadAnswerWebServiceAdapter.m */,
			);
			name = webservice;
			sourceTree = "<group>";
		};
		ECC7727B1CC62755001D6C23 /* questionController */ = {
			isa = PBXGroup;
			children = (
				ECC7727C1CC62828001D6C23 /* QuestionViewController.h */,
				ECC7727D1CC62828001D6C23 /* QuestionViewController.m */,
			);
			name = questionController;
			sourceTree = "<group>";
		};
		ECC772851CC8C637001D6C23 /* picture */ = {
			isa = PBXGroup;
			children = (
				ECC772861CC8C6F2001D6C23 /* check.png */,
			);
			name = picture;
			sourceTree = "<group>";
		};
		ECC7728E1CC96FA4001D6C23 /* const */ = {
			isa = PBXGroup;
			children = (
				ECC7728F1CC96FCD001D6C23 /* Constant.h */,
				ECC772901CC96FCD001D6C23 /* Constant.m */,
			);
			name = const;
			sourceTree = "<group>";
		};
/* End PBXGroup section */

/* Begin PBXNativeTarget section */
		EC6B5D6E1C8DAE6800DB81DD /* QCMapp */ = {
			isa = PBXNativeTarget;
			buildConfigurationList = EC6B5D941C8DAE6800DB81DD /* Build configuration list for PBXNativeTarget "QCMapp" */;
			buildPhases = (
				EC6B5D6B1C8DAE6800DB81DD /* Sources */,
				EC6B5D6C1C8DAE6800DB81DD /* Frameworks */,
				EC6B5D6D1C8DAE6800DB81DD /* Resources */,
			);
			buildRules = (
			);
			dependencies = (
			);
			name = QCMapp;
			productName = QCMapp;
			productReference = EC6B5D6F1C8DAE6800DB81DD /* QCMapp.app */;
			productType = "com.apple.product-type.application";
		};
		EC6B5D8A1C8DAE6800DB81DD /* QCMappTests */ = {
			isa = PBXNativeTarget;
			buildConfigurationList = EC6B5D971C8DAE6800DB81DD /* Build configuration list for PBXNativeTarget "QCMappTests" */;
			buildPhases = (
				EC6B5D871C8DAE6800DB81DD /* Sources */,
				EC6B5D881C8DAE6800DB81DD /* Frameworks */,
				EC6B5D891C8DAE6800DB81DD /* Resources */,
			);
			buildRules = (
			);
			dependencies = (
				EC6B5D8D1C8DAE6800DB81DD /* PBXTargetDependency */,
			);
			name = QCMappTests;
			productName = QCMappTests;
			productReference = EC6B5D8B1C8DAE6800DB81DD /* QCMappTests.xctest */;
			productType = "com.apple.product-type.bundle.unit-test";
		};
/* End PBXNativeTarget section */

/* Begin PBXProject section */
		EC6B5D671C8DAE6800DB81DD /* Project object */ = {
			isa = PBXProject;
			attributes = {
				LastUpgradeCheck = 0720;
				ORGANIZATIONNAME = etudiant;
				TargetAttributes = {
					EC6B5D6E1C8DAE6800DB81DD = {
						CreatedOnToolsVersion = 7.2.1;
					};
					EC6B5D8A1C8DAE6800DB81DD = {
						CreatedOnToolsVersion = 7.2.1;
						TestTargetID = EC6B5D6E1C8DAE6800DB81DD;
					};
				};
			};
			buildConfigurationList = EC6B5D6A1C8DAE6800DB81DD /* Build configuration list for PBXProject "QCMapp" */;
			compatibilityVersion = "Xcode 3.2";
			developmentRegion = English;
			hasScannedForEncodings = 0;
			knownRegions = (
				en,
				Base,
			);
			mainGroup = EC6B5D661C8DAE6800DB81DD;
			productRefGroup = EC6B5D701C8DAE6800DB81DD /* Products */;
			projectDirPath = "";
			projectRoot = "";
			targets = (
				EC6B5D6E1C8DAE6800DB81DD /* QCMapp */,
				EC6B5D8A1C8DAE6800DB81DD /* QCMappTests */,
			);
		};
/* End PBXProject section */

/* Begin PBXResourcesBuildPhase section */
		EC6B5D6D1C8DAE6800DB81DD /* Resources */ = {
			isa = PBXResourcesBuildPhase;
			buildActionMask = 2147483647;
			files = (
				EC6B5DC01C8EC05000DB81DD /* File.strings in Resources */,
				ECC772871CC8C6F2001D6C23 /* check.png in Resources */,
				EC6B5D851C8DAE6800DB81DD /* LaunchScreen.storyboard in Resources */,
				EC6B5D821C8DAE6800DB81DD /* Assets.xcassets in Resources */,
				EC6B5D7D1C8DAE6800DB81DD /* Main.storyboard in Resources */,
			);
			runOnlyForDeploymentPostprocessing = 0;
		};
		EC6B5D891C8DAE6800DB81DD /* Resources */ = {
			isa = PBXResourcesBuildPhase;
			buildActionMask = 2147483647;
			files = (
			);
			runOnlyForDeploymentPostprocessing = 0;
		};
/* End PBXResourcesBuildPhase section */

/* Begin PBXSourcesBuildPhase section */
		EC6B5D6B1C8DAE6800DB81DD /* Sources */ = {
			isa = PBXSourcesBuildPhase;
			buildActionMask = 2147483647;
			files = (
				EC6B5DB11C8DC4EE00DB81DD /* DAOGoodAnswer.m in Sources */,
				EC6B5DF51C8EC4D400DB81DD /* UIImageView+AFNetworking.m in Sources */,
				EC6B5E021C8F024400DB81DD /* QcmWebServiceAdapter.m in Sources */,
				EC6B5DF41C8EC4D400DB81DD /* UIButton+AFNetworking.m in Sources */,
				EC6B5DFC1C8EC93600DB81DD /* weatherWebServiceAdapter.m in Sources */,
				EC6B5DA71C8DB33000DB81DD /* DAOQcm.m in Sources */,
				EC6B5D9D1C8DB07C00DB81DD /* Qcm.m in Sources */,
				EC6B5DBD1C8DD43800DB81DD /* DAOAnswerUser.m in Sources */,
				EC6B5DA31C8DB2AA00DB81DD /* GoodAnswer.m in Sources */,
				ECC772911CC96FCD001D6C23 /* Constant.m in Sources */,
				EC6B5DDA1C8EC49D00DB81DD /* AFURLSessionManager.m in Sources */,
				EC6B5DF31C8EC4D400DB81DD /* UIActivityIndicatorView+AFNetworking.m in Sources */,
				EC6B5D7A1C8DAE6800DB81DD /* ViewController.m in Sources */,
				EC6B5DD61C8EC49D00DB81DD /* AFNetworkReachabilityManager.m in Sources */,
				EC6B5DAE1C8DC17F00DB81DD /* DAOQuestion.m in Sources */,
				EC6B5DA01C8DB18900DB81DD /* Question.m in Sources */,
				EC6B5DD91C8EC49D00DB81DD /* AFURLResponseSerialization.m in Sources */,
				EC6B5DD81C8EC49D00DB81DD /* AFURLRequestSerialization.m in Sources */,
				ECC772841CC68944001D6C23 /* QuestionWebServiceAdapter.m in Sources */,
				EC4D6E171C8F1EE900CEE909 /* WelcomeViewController.m in Sources */,
				EC6B5DF21C8EC4D400DB81DD /* AFNetworkActivityIndicatorManager.m in Sources */,
				EC6B5DF01C8EC4D400DB81DD /* AFAutoPurgingImageCache.m in Sources */,
				ECC7728A1CC8CC62001D6C23 /* GoodAnswerWebServiceAdapter.m in Sources */,
				EC6B5DD71C8EC49D00DB81DD /* AFSecurityPolicy.m in Sources */,
				EC6B5DBA1C8DD33D00DB81DD /* AnswerUser.m in Sources */,
				ECC7728D1CC8F3E2001D6C23 /* BadAnswerWebServiceAdapter.m in Sources */,
				EC6B5D771C8DAE6800DB81DD /* AppDelegate.m in Sources */,
				EC6B5DB71C8DD07900DB81DD /* DAOBadAnswer.m in Sources */,
				EC6B5DB41C8DCFE200DB81DD /* BadAnswer.m in Sources */,
				EC6B5DF71C8EC4D400DB81DD /* UIRefreshControl+AFNetworking.m in Sources */,
				ECC7727E1CC62828001D6C23 /* QuestionViewController.m in Sources */,
				EC6B5DF61C8EC4D400DB81DD /* UIProgressView+AFNetworking.m in Sources */,
				EC6B5DD51C8EC49D00DB81DD /* AFHTTPSessionManager.m in Sources */,
				EC6B5DFF1C8ECACC00DB81DD /* Weather.m in Sources */,
				EC6B5DF81C8EC4D400DB81DD /* UIWebView+AFNetworking.m in Sources */,
				EC6B5DAB1C8DBCCF00DB81DD /* QcmData.xcdatamodeld in Sources */,
				EC6B5D741C8DAE6800DB81DD /* main.m in Sources */,
				EC6B5DF11C8EC4D400DB81DD /* AFImageDownloader.m in Sources */,
			);
			runOnlyForDeploymentPostprocessing = 0;
		};
		EC6B5D871C8DAE6800DB81DD /* Sources */ = {
			isa = PBXSourcesBuildPhase;
			buildActionMask = 2147483647;
			files = (
				EC6B5D901C8DAE6800DB81DD /* QCMappTests.m in Sources */,
			);
			runOnlyForDeploymentPostprocessing = 0;
		};
/* End PBXSourcesBuildPhase section */

/* Begin PBXTargetDependency section */
		EC6B5D8D1C8DAE6800DB81DD /* PBXTargetDependency */ = {
			isa = PBXTargetDependency;
			target = EC6B5D6E1C8DAE6800DB81DD /* QCMapp */;
			targetProxy = EC6B5D8C1C8DAE6800DB81DD /* PBXContainerItemProxy */;
		};
/* End PBXTargetDependency section */

/* Begin PBXVariantGroup section */
		EC6B5D7B1C8DAE6800DB81DD /* Main.storyboard */ = {
			isa = PBXVariantGroup;
			children = (
				EC6B5D7C1C8DAE6800DB81DD /* Base */,
			);
			name = Main.storyboard;
			sourceTree = "<group>";
		};
		EC6B5D831C8DAE6800DB81DD /* LaunchScreen.storyboard */ = {
			isa = PBXVariantGroup;
			children = (
				EC6B5D841C8DAE6800DB81DD /* Base */,
			);
			name = LaunchScreen.storyboard;
			sourceTree = "<group>";
		};
/* End PBXVariantGroup section */

/* Begin XCBuildConfiguration section */
		EC6B5D921C8DAE6800DB81DD /* Debug */ = {
			isa = XCBuildConfiguration;
			buildSettings = {
				ALWAYS_SEARCH_USER_PATHS = NO;
				CLANG_CXX_LANGUAGE_STANDARD = "gnu++0x";
				CLANG_CXX_LIBRARY = "libc++";
				CLANG_ENABLE_MODULES = YES;
				CLANG_ENABLE_OBJC_ARC = YES;
				CLANG_WARN_BOOL_CONVERSION = YES;
				CLANG_WARN_CONSTANT_CONVERSION = YES;
				CLANG_WARN_DIRECT_OBJC_ISA_USAGE = YES_ERROR;
				CLANG_WARN_EMPTY_BODY = YES;
				CLANG_WARN_ENUM_CONVERSION = YES;
				CLANG_WARN_INT_CONVERSION = YES;
				CLANG_WARN_OBJC_ROOT_CLASS = YES_ERROR;
				CLANG_WARN_UNREACHABLE_CODE = YES;
				CLANG_WARN__DUPLICATE_METHOD_MATCH = YES;
				"CODE_SIGN_IDENTITY[sdk=iphoneos*]" = "iPhone Developer";
				COPY_PHASE_STRIP = NO;
				DEBUG_INFORMATION_FORMAT = dwarf;
				ENABLE_STRICT_OBJC_MSGSEND = YES;
				ENABLE_TESTABILITY = YES;
				GCC_C_LANGUAGE_STANDARD = gnu99;
				GCC_DYNAMIC_NO_PIC = NO;
				GCC_NO_COMMON_BLOCKS = YES;
				GCC_OPTIMIZATION_LEVEL = 0;
				GCC_PREPROCESSOR_DEFINITIONS = (
					"DEBUG=1",
					"$(inherited)",
				);
				GCC_WARN_64_TO_32_BIT_CONVERSION = YES;
				GCC_WARN_ABOUT_RETURN_TYPE = YES_ERROR;
				GCC_WARN_UNDECLARED_SELECTOR = YES;
				GCC_WARN_UNINITIALIZED_AUTOS = YES_AGGRESSIVE;
				GCC_WARN_UNUSED_FUNCTION = YES;
				GCC_WARN_UNUSED_VARIABLE = YES;
				IPHONEOS_DEPLOYMENT_TARGET = 9.2;
				MTL_ENABLE_DEBUG_INFO = YES;
				ONLY_ACTIVE_ARCH = YES;
				SDKROOT = iphoneos;
				TARGETED_DEVICE_FAMILY = "1,2";
			};
			name = Debug;
		};
		EC6B5D931C8DAE6800DB81DD /* Release */ = {
			isa = XCBuildConfiguration;
			buildSettings = {
				ALWAYS_SEARCH_USER_PATHS = NO;
				CLANG_CXX_LANGUAGE_STANDARD = "gnu++0x";
				CLANG_CXX_LIBRARY = "libc++";
				CLANG_ENABLE_MODULES = YES;
				CLANG_ENABLE_OBJC_ARC = YES;
				CLANG_WARN_BOOL_CONVERSION = YES;
				CLANG_WARN_CONSTANT_CONVERSION = YES;
				CLANG_WARN_DIRECT_OBJC_ISA_USAGE = YES_ERROR;
				CLANG_WARN_EMPTY_BODY = YES;
				CLANG_WARN_ENUM_CONVERSION = YES;
				CLANG_WARN_INT_CONVERSION = YES;
				CLANG_WARN_OBJC_ROOT_CLASS = YES_ERROR;
				CLANG_WARN_UNREACHABLE_CODE = YES;
				CLANG_WARN__DUPLICATE_METHOD_MATCH = YES;
				"CODE_SIGN_IDENTITY[sdk=iphoneos*]" = "iPhone Developer";
				COPY_PHASE_STRIP = NO;
				DEBUG_INFORMATION_FORMAT = "dwarf-with-dsym";
				ENABLE_NS_ASSERTIONS = NO;
				ENABLE_STRICT_OBJC_MSGSEND = YES;
				GCC_C_LANGUAGE_STANDARD = gnu99;
				GCC_NO_COMMON_BLOCKS = YES;
				GCC_WARN_64_TO_32_BIT_CONVERSION = YES;
				GCC_WARN_ABOUT_RETURN_TYPE = YES_ERROR;
				GCC_WARN_UNDECLARED_SELECTOR = YES;
				GCC_WARN_UNINITIALIZED_AUTOS = YES_AGGRESSIVE;
				GCC_WARN_UNUSED_FUNCTION = YES;
				GCC_WARN_UNUSED_VARIABLE = YES;
				IPHONEOS_DEPLOYMENT_TARGET = 9.2;
				MTL_ENABLE_DEBUG_INFO = NO;
				SDKROOT = iphoneos;
				TARGETED_DEVICE_FAMILY = "1,2";
				VALIDATE_PRODUCT = YES;
			};
			name = Release;
		};
		EC6B5D951C8DAE6800DB81DD /* Debug */ = {
			isa = XCBuildConfiguration;
			buildSettings = {
				ASSETCATALOG_COMPILER_APPICON_NAME = AppIcon;
				INFOPLIST_FILE = QCMapp/Info.plist;
				LD_RUNPATH_SEARCH_PATHS = "$(inherited) @executable_path/Frameworks";
				PRODUCT_BUNDLE_IDENTIFIER = com.iia.QCMapp;
				PRODUCT_NAME = "$(TARGET_NAME)";
			};
			name = Debug;
		};
		EC6B5D961C8DAE6800DB81DD /* Release */ = {
			isa = XCBuildConfiguration;
			buildSettings = {
				ASSETCATALOG_COMPILER_APPICON_NAME = AppIcon;
				INFOPLIST_FILE = QCMapp/Info.plist;
				LD_RUNPATH_SEARCH_PATHS = "$(inherited) @executable_path/Frameworks";
				PRODUCT_BUNDLE_IDENTIFIER = com.iia.QCMapp;
				PRODUCT_NAME = "$(TARGET_NAME)";
			};
			name = Release;
		};
		EC6B5D981C8DAE6800DB81DD /* Debug */ = {
			isa = XCBuildConfiguration;
			buildSettings = {
				BUNDLE_LOADER = "$(TEST_HOST)";
				INFOPLIST_FILE = QCMappTests/Info.plist;
				LD_RUNPATH_SEARCH_PATHS = "$(inherited) @executable_path/Frameworks @loader_path/Frameworks";
				PRODUCT_BUNDLE_IDENTIFIER = com.iia.QCMappTests;
				PRODUCT_NAME = "$(TARGET_NAME)";
				TEST_HOST = "$(BUILT_PRODUCTS_DIR)/QCMapp.app/QCMapp";
			};
			name = Debug;
		};
		EC6B5D991C8DAE6800DB81DD /* Release */ = {
			isa = XCBuildConfiguration;
			buildSettings = {
				BUNDLE_LOADER = "$(TEST_HOST)";
				INFOPLIST_FILE = QCMappTests/Info.plist;
				LD_RUNPATH_SEARCH_PATHS = "$(inherited) @executable_path/Frameworks @loader_path/Frameworks";
				PRODUCT_BUNDLE_IDENTIFIER = com.iia.QCMappTests;
				PRODUCT_NAME = "$(TARGET_NAME)";
				TEST_HOST = "$(BUILT_PRODUCTS_DIR)/QCMapp.app/QCMapp";
			};
			name = Release;
		};
/* End XCBuildConfiguration section */

/* Begin XCConfigurationList section */
		EC6B5D6A1C8DAE6800DB81DD /* Build configuration list for PBXProject "QCMapp" */ = {
			isa = XCConfigurationList;
			buildConfigurations = (
				EC6B5D921C8DAE6800DB81DD /* Debug */,
				EC6B5D931C8DAE6800DB81DD /* Release */,
			);
			defaultConfigurationIsVisible = 0;
			defaultConfigurationName = Release;
		};
		EC6B5D941C8DAE6800DB81DD /* Build configuration list for PBXNativeTarget "QCMapp" */ = {
			isa = XCConfigurationList;
			buildConfigurations = (
				EC6B5D951C8DAE6800DB81DD /* Debug */,
				EC6B5D961C8DAE6800DB81DD /* Release */,
			);
			defaultConfigurationIsVisible = 0;
			defaultConfigurationName = Release;
		};
		EC6B5D971C8DAE6800DB81DD /* Build configuration list for PBXNativeTarget "QCMappTests" */ = {
			isa = XCConfigurationList;
			buildConfigurations = (
				EC6B5D981C8DAE6800DB81DD /* Debug */,
				EC6B5D991C8DAE6800DB81DD /* Release */,
			);
			defaultConfigurationIsVisible = 0;
			defaultConfigurationName = Release;
		};
/* End XCConfigurationList section */

/* Begin XCVersionGroup section */
		EC6B5DA91C8DBCCF00DB81DD /* QcmData.xcdatamodeld */ = {
			isa = XCVersionGroup;
			children = (
				EC6B5DAA1C8DBCCF00DB81DD /* QcmData.xcdatamodel */,
			);
			currentVersion = EC6B5DAA1C8DBCCF00DB81DD /* QcmData.xcdatamodel */;
			name = QcmData.xcdatamodeld;
			path = ../dblistiia/dblistiia/data/QcmData.xcdatamodeld;
			sourceTree = "<group>";
			versionGroupType = wrapper.xcdatamodel;
		};
/* End XCVersionGroup section */
	};
	rootObject = EC6B5D671C8DAE6800DB81DD /* Project object */;
}
